{
  "name": "node-red-contrib-zinguo",
  "version": "1.0.0",
  "lockfileVersion": 1,
  "requires": true,
  "dependencies": {
    
    "solarlunar": {
      "version": "2.0.6",
      "resolved": "https://registry.npmjs.org/solarlunar/-/solarlunar-2.0.6.tgz",
      "integrity": "sha512-1UH5/xOHKjsvXrvomS0LAZNWUmRDY64KYc6vGZjMeErvV0a2YADY6JlROL8NoC+NTz73o0kKoqpYVwNqqpdzXg=="
    }
  }
}
